
Microsoft Visual Studio Solution File, Format Version 10.00
# Visual C++ Express 2008
Project("{8BC9CEB8-8B4A-11D0-8D11-00A0C91BC942}") = "strs.cpp", "strs.cpp\strs.cpp.vcproj", "{74A724E9-9C3D-4E61-B3E7-47BD02C1DBD8}"
EndProject
Global
	GlobalSection(SolutionConfigurationPlatforms) = preSolution
		Debug|Win32 = Debug|Win32
		Release|Win32 = Release|Win32
	EndGlobalSection
	GlobalSection(ProjectConfigurationPlatforms) = postSolution
		{74A724E9-9C3D-4E61-B3E7-47BD02C1DBD8}.Debug|Win32.ActiveCfg = Debug|Win32
		{74A724E9-9C3D-4E61-B3E7-47BD02C1DBD8}.Debug|Win32.Build.0 = Debug|Win32
		{74A724E9-9C3D-4E61-B3E7-47BD02C1DBD8}.Release|Win32.ActiveCfg = Release|Win32
		{74A724E9-9C3D-4E61-B3E7-47BD02C1DBD8}.Release|Win32.Build.0 = Release|Win32
	EndGlobalSection
	GlobalSection(SolutionProperties) = preSolution
		HideSolutionNode = FALSE
	EndGlobalSection
EndGlobal
